// !$*UTF8*$!
{
	archiveVersion = 1;
	classes = {
	};
	objectVersion = 46;
	objects = {

/* Begin PBXBuildFile section */
		D6FFAB03188EA9D100354786 /* Foundation.framework in Frameworks */ = {isa = PBXBuildFile; fileRef = D6FFAB02188EA9D100354786 /* Foundation.framework */; };
		D6FFAB05188EA9D100354786 /* CoreGraphics.framework in Frameworks */ = {isa = PBXBuildFile; fileRef = D6FFAB04188EA9D100354786 /* CoreGraphics.framework */; };
		D6FFAB07188EA9D100354786 /* UIKit.framework in Frameworks */ = {isa = PBXBuildFile; fileRef = D6FFAB06188EA9D100354786 /* UIKit.framework */; };
		D6FFAB0D188EA9D100354786 /* InfoPlist.strings in Resources */ = {isa = PBXBuildFile; fileRef = D6FFAB0B188EA9D100354786 /* InfoPlist.strings */; };
		D6FFAB0F188EA9D100354786 /* main.m in Sources */ = {isa = PBXBuildFile; fileRef = D6FFAB0E188EA9D100354786 /* main.m */; };
		D6FFAB13188EA9D100354786 /* DDTAppDelegate.m in Sources */ = {isa = PBXBuildFile; fileRef = D6FFAB12188EA9D100354786 /* DDTAppDelegate.m */; };
		D6FFAB16188EA9D100354786 /* Main.storyboard in Resources */ = {isa = PBXBuildFile; fileRef = D6FFAB14188EA9D100354786 /* Main.storyboard */; };
		D6FFAB19188EA9D100354786 /* DDTViewController.m in Sources */ = {isa = PBXBuildFile; fileRef = D6FFAB18188EA9D100354786 /* DDTViewController.m */; };
		D6FFAB1B188EA9D100354786 /* Images.xcassets in Resources */ = {isa = PBXBuildFile; fileRef = D6FFAB1A188EA9D100354786 /* Images.xcassets */; };
		D6FFAB22188EA9D100354786 /* XCTest.framework in Frameworks */ = {isa = PBXBuildFile; fileRef = D6FFAB21188EA9D100354786 /* XCTest.framework */; };
		D6FFAB23188EA9D100354786 /* Foundation.framework in Frameworks */ = {isa = PBXBuildFile; fileRef = D6FFAB02188EA9D100354786 /* Foundation.framework */; };
		D6FFAB24188EA9D100354786 /* UIKit.framework in Frameworks */ = {isa = PBXBuildFile; fileRef = D6FFAB06188EA9D100354786 /* UIKit.framework */; };
		D6FFAB2C188EA9D100354786 /* InfoPlist.strings in Resources */ = {isa = PBXBuildFile; fileRef = D6FFAB2A188EA9D100354786 /* InfoPlist.strings */; };
		D6FFAB2E188EA9D100354786 /* PropertiesAndIVARSTests.m in Sources */ = {isa = PBXBuildFile; fileRef = D6FFAB2D188EA9D100354786 /* PropertiesAndIVARSTests.m */; };
/* End PBXBuildFile section */

/* Begin PBXContainerItemProxy section */
		D6FFAB25188EA9D100354786 /* PBXContainerItemProxy */ = {
			isa = PBXContainerItemProxy;
			containerPortal = D6FFAAF7188EA9D100354786 /* Project object */;
			proxyType = 1;
			remoteGlobalIDString = D6FFAAFE188EA9D100354786;
			remoteInfo = PropertiesAndIVARS;
		};
/* End PBXContainerItemProxy section */

/* Begin PBXFileReference section */
		D6FFAAFF188EA9D100354786 /* PropertiesAndIVARS.app */ = {isa = PBXFileReference; explicitFileType = wrapper.application; includeInIndex = 0; path = PropertiesAndIVARS.app; sourceTree = BUILT_PRODUCTS_DIR; };
		D6FFAB02188EA9D100354786 /* Foundation.framework */ = {isa = PBXFileReference; lastKnownFileType = wrapper.framework; name = Foundation.framework; path = System/Library/Frameworks/Foundation.framework; sourceTree = SDKROOT; };
		D6FFAB04188EA9D100354786 /* CoreGraphics.framework */ = {isa = PBXFileReference; lastKnownFileType = wrapper.framework; name = CoreGraphics.framework; path = System/Library/Frameworks/CoreGraphics.framework; sourceTree = SDKROOT; };
		D6FFAB06188EA9D100354786 /* UIKit.framework */ = {isa = PBXFileReference; lastKnownFileType = wrapper.framework; name = UIKit.framework; path = System/Library/Frameworks/UIKit.framework; sourceTree = SDKROOT; };
		D6FFAB0A188EA9D100354786 /* PropertiesAndIVARS-Info.plist */ = {isa = PBXFileReference; lastKnownFileType = text.plist.xml; path = "PropertiesAndIVARS-Info.plist"; sourceTree = "<group>"; };
		D6FFAB0C188EA9D100354786 /* en */ = {isa = PBXFileReference; lastKnownFileType = text.plist.strings; name = en; path = en.lproj/InfoPlist.strings; sourceTree = "<group>"; };
		D6FFAB0E188EA9D100354786 /* main.m */ = {isa = PBXFileReference; lastKnownFileType = sourcecode.c.objc; path = main.m; sourceTree = "<group>"; };
		D6FFAB10188EA9D100354786 /* PropertiesAndIVARS-Prefix.pch */ = {isa = PBXFileReference; lastKnownFileType = sourcecode.c.h; path = "PropertiesAndIVARS-Prefix.pch"; sourceTree = "<group>"; };
		D6FFAB11188EA9D100354786 /* DDTAppDelegate.h */ = {isa = PBXFileReference; lastKnownFileType = sourcecode.c.h; path = DDTAppDelegate.h; sourceTree = "<group>"; };
		D6FFAB12188EA9D100354786 /* DDTAppDelegate.m */ = {isa = PBXFileReference; lastKnownFileType = sourcecode.c.objc; path = DDTAppDelegate.m; sourceTree = "<group>"; };
		D6FFAB15188EA9D100354786 /* Base */ = {isa = PBXFileReference; lastKnownFileType = file.storyboard; name = Base; path = Base.lproj/Main.storyboard; sourceTree = "<group>"; };
		D6FFAB17188EA9D100354786 /* DDTViewController.h */ = {isa = PBXFileReference; lastKnownFileType = sourcecode.c.h; path = DDTViewController.h; sourceTree = "<group>"; };
		D6FFAB18188EA9D100354786 /* DDTViewController.m */ = {isa = PBXFileReference; lastKnownFileType = sourcecode.c.objc; path = DDTViewController.m; sourceTree = "<group>"; };
		D6FFAB1A188EA9D100354786 /* Images.xcassets */ = {isa = PBXFileReference; lastKnownFileType = folder.assetcatalog; path = Images.xcassets; sourceTree = "<group>"; };
		D6FFAB20188EA9D100354786 /* PropertiesAndIVARSTests.xctest */ = {isa = PBXFileReference; explicitFileType = wrapper.cfbundle; includeInIndex = 0; path = PropertiesAndIVARSTests.xctest; sourceTree = BUILT_PRODUCTS_DIR; };
		D6FFAB21188EA9D100354786 /* XCTest.framework */ = {isa = PBXFileReference; lastKnownFileType = wrapper.framework; name = XCTest.framework; path = Library/Frameworks/XCTest.framework; sourceTree = DEVELOPER_DIR; };
		D6FFAB29188EA9D100354786 /* PropertiesAndIVARSTests-Info.plist */ = {isa = PBXFileReference; lastKnownFileType = text.plist.xml; path = "PropertiesAndIVARSTests-Info.plist"; sourceTree = "<group>"; };
		D6FFAB2B188EA9D100354786 /* en */ = {isa = PBXFileReference; lastKnownFileType = text.plist.strings; name = en; path = en.lproj/InfoPlist.strings; sourceTree = "<group>"; };
		D6FFAB2D188EA9D100354786 /* PropertiesAndIVARSTests.m */ = {isa = PBXFileReference; lastKnownFileType = sourcecode.c.objc; path = PropertiesAndIVARSTests.m; sourceTree = "<group>"; };
		D6FFAB37188EAD0600354786 /* DDTViewControllerDelegate.h */ = {isa = PBXFileReference; lastKnownFileType = sourcecode.c.h; path = DDTViewControllerDelegate.h; sourceTree = "<group>"; };
/* End PBXFileReference section */

/* Begin PBXFrameworksBuildPhase section */
		D6FFAAFC188EA9D100354786 /* Frameworks */ = {
			isa = PBXFrameworksBuildPhase;
			buildActionMask = 2147483647;
			files = (
				D6FFAB05188EA9D100354786 /* CoreGraphics.framework in Frameworks */,
				D6FFAB07188EA9D100354786 /* UIKit.framework in Frameworks */,
				D6FFAB03188EA9D100354786 /* Foundation.framework in Frameworks */,
			);
			runOnlyForDeploymentPostprocessing = 0;
		};
		D6FFAB1D188EA9D100354786 /* Frameworks */ = {
			isa = PBXFrameworksBuildPhase;
			buildActionMask = 2147483647;
			files = (
				D6FFAB22188EA9D100354786 /* XCTest.framework in Frameworks */,
				D6FFAB24188EA9D100354786 /* UIKit.framework in Frameworks */,
				D6FFAB23188EA9D100354786 /* Foundation.framework in Frameworks */,
			);
			runOnlyForDeploymentPostprocessing = 0;
		};
/* End PBXFrameworksBuildPhase section */

/* Begin PBXGroup section */
		D6FFAAF6188EA9D100354786 = {
			isa = PBXGroup;
			children = (
				D6FFAB08188EA9D100354786 /* PropertiesAndIVARS */,
				D6FFAB27188EA9D100354786 /* PropertiesAndIVARSTests */,
				D6FFAB01188EA9D100354786 /* Frameworks */,
				D6FFAB00188EA9D100354786 /* Products */,
			);
			sourceTree = "<group>";
		};
		D6FFAB00188EA9D100354786 /* Products */ = {
			isa = PBXGroup;
			children = (
				D6FFAAFF188EA9D100354786 /* PropertiesAndIVARS.app */,
				D6FFAB20188EA9D100354786 /* PropertiesAndIVARSTests.xctest */,
			);
			name = Products;
			sourceTree = "<group>";
		};
		D6FFAB01188EA9D100354786 /* Frameworks */ = {
			isa = PBXGroup;
			children = (
				D6FFAB02188EA9D100354786 /* Foundation.framework */,
				D6FFAB04188EA9D100354786 /* CoreGraphics.framework */,
				D6FFAB06188EA9D100354786 /* UIKit.framework */,
				D6FFAB21188EA9D100354786 /* XCTest.framework */,
			);
			name = Frameworks;
			sourceTree = "<group>";
		};
		D6FFAB08188EA9D100354786 /* PropertiesAndIVARS */ = {
			isa = PBXGroup;
			children = (
				D6FFAB11188EA9D100354786 /* DDTAppDelegate.h */,
				D6FFAB12188EA9D100354786 /* DDTAppDelegate.m */,
				D6FFAB14188EA9D100354786 /* Main.storyboard */,
				D6FFAB17188EA9D100354786 /* DDTViewController.h */,
				D6FFAB18188EA9D100354786 /* DDTViewController.m */,
				D6FFAB1A188EA9D100354786 /* Images.xcassets */,
				D6FFAB09188EA9D100354786 /* Supporting Files */,
				D6FFAB37188EAD0600354786 /* DDTViewControllerDelegate.h */,
			);
			path = PropertiesAndIVARS;
			sourceTree = "<group>";
		};
		D6FFAB09188EA9D100354786 /* Supporting Files */ = {
			isa = PBXGroup;
			children = (
				D6FFAB0A188EA9D100354786 /* PropertiesAndIVARS-Info.plist */,
				D6FFAB0B188EA9D100354786 /* InfoPlist.strings */,
				D6FFAB0E188EA9D100354786 /* main.m */,
				D6FFAB10188EA9D100354786 /* PropertiesAndIVARS-Prefix.pch */,
			);
			name = "Supporting Files";
			sourceTree = "<group>";
		};
		D6FFAB27188EA9D100354786 /* PropertiesAndIVARSTests */ = {
			isa = PBXGroup;
			children = (
				D6FFAB2D188EA9D100354786 /* PropertiesAndIVARSTests.m */,
				D6FFAB28188EA9D100354786 /* Supporting Files */,
			);
			path = PropertiesAndIVARSTests;
			sourceTree = "<group>";
		};
		D6FFAB28188EA9D100354786 /* Supporting Files */ = {
			isa = PBXGroup;
			children = (
				D6FFAB29188EA9D100354786 /* PropertiesAndIVARSTests-Info.plist */,
				D6FFAB2A188EA9D100354786 /* InfoPlist.strings */,
			);
			name = "Supporting Files";
			sourceTree = "<group>";
		};
/* End PBXGroup section */

/* Begin PBXNativeTarget section */
		D6FFAAFE188EA9D100354786 /* PropertiesAndIVARS */ = {
			isa = PBXNativeTarget;
			buildConfigurationList = D6FFAB31188EA9D100354786 /* Build configuration list for PBXNativeTarget "PropertiesAndIVARS" */;
			buildPhases = (
				D6FFAAFB188EA9D100354786 /* Sources */,
				D6FFAAFC188EA9D100354786 /* Frameworks */,
				D6FFAAFD188EA9D100354786 /* Resources */,
			);
			buildRules = (
			);
			dependencies = (
			);
			name = PropertiesAndIVARS;
			productName = PropertiesAndIVARS;
			productReference = D6FFAAFF188EA9D100354786 /* PropertiesAndIVARS.app */;
			productType = "com.apple.product-type.application";
		};
		D6FFAB1F188EA9D100354786 /* PropertiesAndIVARSTests */ = {
			isa = PBXNativeTarget;
			buildConfigurationList = D6FFAB34188EA9D100354786 /* Build configuration list for PBXNativeTarget "PropertiesAndIVARSTests" */;
			buildPhases = (
				D6FFAB1C188EA9D100354786 /* Sources */,
				D6FFAB1D188EA9D100354786 /* Frameworks */,
				D6FFAB1E188EA9D100354786 /* Resources */,
			);
			buildRules = (
			);
			dependencies = (
				D6FFAB26188EA9D100354786 /* PBXTargetDependency */,
			);
			name = PropertiesAndIVARSTests;
			productName = PropertiesAndIVARSTests;
			productReference = D6FFAB20188EA9D100354786 /* PropertiesAndIVARSTests.xctest */;
			productType = "com.apple.product-type.bundle.unit-test";
		};
/* End PBXNativeTarget section */

/* Begin PBXProject section */
		D6FFAAF7188EA9D100354786 /* Project object */ = {
			isa = PBXProject;
			attributes = {
				CLASSPREFIX = DDT;
				LastUpgradeCheck = 0500;
				ORGANIZATIONNAME = com.DarenDavidTaylor;
				TargetAttributes = {
					D6FFAB1F188EA9D100354786 = {
						TestTargetID = D6FFAAFE188EA9D100354786;
					};
				};
			};
			buildConfigurationList = D6FFAAFA188EA9D100354786 /* Build configuration list for PBXProject "PropertiesAndIVARS" */;
			compatibilityVersion = "Xcode 3.2";
			developmentRegion = English;
			hasScannedForEncodings = 0;
			knownRegions = (
				en,
				Base,
			);
			mainGroup = D6FFAAF6188EA9D100354786;
			productRefGroup = D6FFAB00188EA9D100354786 /* Products */;
			projectDirPath = "";
			projectRoot = "";
			targets = (
				D6FFAAFE188EA9D100354786 /* PropertiesAndIVARS */,
				D6FFAB1F188EA9D100354786 /* PropertiesAndIVARSTests */,
			);
		};
/* End PBXProject section */

/* Begin PBXResourcesBuildPhase section */
		D6FFAAFD188EA9D100354786 /* Resources */ = {
			isa = PBXResourcesBuildPhase;
			buildActionMask = 2147483647;
			files = (
				D6FFAB1B188EA9D100354786 /* Images.xcassets in Resources */,
				D6FFAB0D188EA9D100354786 /* InfoPlist.strings in Resources */,
				D6FFAB16188EA9D100354786 /* Main.storyboard in Resources */,
			);
			runOnlyForDeploymentPostprocessing = 0;
		};
		D6FFAB1E188EA9D100354786 /* Resources */ = {
			isa = PBXResourcesBuildPhase;
			buildActionMask = 2147483647;
			files = (
				D6FFAB2C188EA9D100354786 /* InfoPlist.strings in Resources */,
			);
			runOnlyForDeploymentPostprocessing = 0;
		};
/* End PBXResourcesBuildPhase section */

/* Begin PBXSourcesBuildPhase section */
		D6FFAAFB188EA9D100354786 /* Sources */ = {
			isa = PBXSourcesBuildPhase;
			buildActionMask = 2147483647;
			files = (
				D6FFAB0F188EA9D100354786 /* main.m in Sources */,
				D6FFAB19188EA9D100354786 /* DDTViewController.m in Sources */,
				D6FFAB13188EA9D100354786 /* DDTAppDelegate.m in Sources */,
			);
			runOnlyForDeploymentPostprocessing = 0;
		};
		D6FFAB1C188EA9D100354786 /* Sources */ = {
			isa = PBXSourcesBuildPhase;
			buildActionMask = 2147483647;
			files = (
				D6FFAB2E188EA9D100354786 /* PropertiesAndIVARSTests.m in Sources */,
			);
			runOnlyForDeploymentPostprocessing = 0;
		};
/* End PBXSourcesBuildPhase section */

/* Begin PBXTargetDependency section */
		D6FFAB26188EA9D100354786 /* PBXTargetDependency */ = {
			isa = PBXTargetDependency;
			target = D6FFAAFE188EA9D100354786 /* PropertiesAndIVARS */;
			targetProxy = D6FFAB25188EA9D100354786 /* PBXContainerItemProxy */;
		};
/* End PBXTargetDependency section */

/* Begin PBXVariantGroup section */
		D6FFAB0B188EA9D100354786 /* InfoPlist.strings */ = {
			isa = PBXVariantGroup;
			children = (
				D6FFAB0C188EA9D100354786 /* en */,
			);
			name = InfoPlist.strings;
			sourceTree = "<group>";
		};
		D6FFAB14188EA9D100354786 /* Main.storyboard */ = {
			isa = PBXVariantGroup;
			children = (
				D6FFAB15188EA9D100354786 /* Base */,
			);
			name = Main.storyboard;
			sourceTree = "<group>";
		};
		D6FFAB2A188EA9D100354786 /* InfoPlist.strings */ = {
			isa = PBXVariantGroup;
			children = (
				D6FFAB2B188EA9D100354786 /* en */,
			);
			name = InfoPlist.strings;
			sourceTree = "<group>";
		};
/* End PBXVariantGroup section */

/* Begin XCBuildConfiguration section */
		D6FFAB2F188EA9D100354786 /* Debug */ = {
			isa = XCBuildConfiguration;
			buildSettings = {
				ALWAYS_SEARCH_USER_PATHS = NO;
				ARCHS = "$(ARCHS_STANDARD_INCLUDING_64_BIT)";
				CLANG_CXX_LANGUAGE_STANDARD = "gnu++0x";
				CLANG_CXX_LIBRARY = "libc++";
				CLANG_ENABLE_MODULES = YES;
				CLANG_ENABLE_OBJC_ARC = YES;
				CLANG_WARN_BOOL_CONVERSION = YES;
				CLANG_WARN_CONSTANT_CONVERSION = YES;
				CLANG_WARN_DIRECT_OBJC_ISA_USAGE = YES_ERROR;
				CLANG_WARN_EMPTY_BODY = YES;
				CLANG_WARN_ENUM_CONVERSION = YES;
				CLANG_WARN_INT_CONVERSION = YES;
				CLANG_WARN_OBJC_ROOT_CLASS = YES_ERROR;
				CLANG_WARN__DUPLICATE_METHOD_MATCH = YES;
				"CODE_SIGN_IDENTITY[sdk=iphoneos*]" = "iPhone Developer";
				COPY_PHASE_STRIP = NO;
				GCC_C_LANGUAGE_STANDARD = gnu99;
				GCC_DYNAMIC_NO_PIC = NO;
				GCC_OPTIMIZATION_LEVEL = 0;
				GCC_PREPROCESSOR_DEFINITIONS = (
					"DEBUG=1",
					"$(inherited)",
				);
				GCC_SYMBOLS_PRIVATE_EXTERN = NO;
				GCC_WARN_64_TO_32_BIT_CONVERSION = YES;
				GCC_WARN_ABOUT_RETURN_TYPE = YES_ERROR;
				GCC_WARN_UNDECLARED_SELECTOR = YES;
				GCC_WARN_UNINITIALIZED_AUTOS = YES;
				GCC_WARN_UNUSED_FUNCTION = YES;
				GCC_WARN_UNUSED_VARIABLE = YES;
				IPHONEOS_DEPLOYMENT_TARGET = 7.0;
				ONLY_ACTIVE_ARCH = YES;
				SDKROOT = iphoneos;
			};
			name = Debug;
		};
		D6FFAB30188EA9D100354786 /* Release */ = {
			isa = XCBuildConfiguration;
			buildSettings = {
				ALWAYS_SEARCH_USER_PATHS = NO;
				ARCHS = "$(ARCHS_STANDARD_INCLUDING_64_BIT)";
				CLANG_CXX_LANGUAGE_STANDARD = "gnu++0x";
				CLANG_CXX_LIBRARY = "libc++";
				CLANG_ENABLE_MODULES = YES;
				CLANG_ENABLE_OBJC_ARC = YES;
				CLANG_WARN_BOOL_CONVERSION = YES;
				CLANG_WARN_CONSTANT_CONVERSION = YES;
				CLANG_WARN_DIRECT_OBJC_ISA_USAGE = YES_ERROR;
				CLANG_WARN_EMPTY_BODY = YES;
				CLANG_WARN_ENUM_CONVERSION = YES;
				CLANG_WARN_INT_CONVERSION = YES;
				CLANG_WARN_OBJC_ROOT_CLASS = YES_ERROR;
				CLANG_WARN__DUPLICATE_METHOD_MATCH = YES;
				"CODE_SIGN_IDENTITY[sdk=iphoneos*]" = "iPhone Developer";
				COPY_PHASE_STRIP = YES;
				ENABLE_NS_ASSERTIONS = NO;
				GCC_C_LANGUAGE_STANDARD = gnu99;
				GCC_WARN_64_TO_32_BIT_CONVERSION = YES;
				GCC_WARN_ABOUT_RETURN_TYPE = YES_ERROR;
				GCC_WARN_UNDECLARED_SELECTOR = YES;
				GCC_WARN_UNINITIALIZED_AUTOS = YES;
				GCC_WARN_UNUSED_FUNCTION = YES;
				GCC_WARN_UNUSED_VARIABLE = YES;
				IPHONEOS_DEPLOYMENT_TARGET = 7.0;
				SDKROOT = iphoneos;
				VALIDATE_PRODUCT = YES;
			};
			name = Release;
		};
		D6FFAB32188EA9D100354786 /* Debug */ = {
			isa = XCBuildConfiguration;
			buildSettings = {
				ASSETCATALOG_COMPILER_APPICON_NAME = AppIcon;
				ASSETCATALOG_COMPILER_LAUNCHIMAGE_NAME = LaunchImage;
				GCC_PRECOMPILE_PREFIX_HEADER = YES;
				GCC_PREFIX_HEADER = "PropertiesAndIVARS/PropertiesAndIVARS-Prefix.pch";
				INFOPLIST_FILE = "PropertiesAndIVARS/PropertiesAndIVARS-Info.plist";
				PRODUCT_NAME = "$(TARGET_NAME)";
				WRAPPER_EXTENSION = app;
			};
			name = Debug;
		};
		D6FFAB33188EA9D100354786 /* Release */ = {
			isa = XCBuildConfiguration;
			buildSettings = {
				ASSETCATALOG_COMPILER_APPICON_NAME = AppIcon;
				ASSETCATALOG_COMPILER_LAUNCHIMAGE_NAME = LaunchImage;
				GCC_PRECOMPILE_PREFIX_HEADER = YES;
				GCC_PREFIX_HEADER = "PropertiesAndIVARS/PropertiesAndIVARS-Prefix.pch";
				INFOPLIST_FILE = "PropertiesAndIVARS/PropertiesAndIVARS-Info.plist";
				PRODUCT_NAME = "$(TARGET_NAME)";
				WRAPPER_EXTENSION = app;
			};
			name = Release;
		};
		D6FFAB35188EA9D100354786 /* Debug */ = {
			isa = XCBuildConfiguration;
			buildSettings = {
				ARCHS = "$(ARCHS_STANDARD_INCLUDING_64_BIT)";
				BUNDLE_LOADER = "$(BUILT_PRODUCTS_DIR)/PropertiesAndIVARS.app/PropertiesAndIVARS";
				FRAMEWORK_SEARCH_PATHS = (
					"$(SDKROOT)/Developer/Library/Frameworks",
					"$(inherited)",
					"$(DEVELOPER_FRAMEWORKS_DIR)",
				);
				GCC_PRECOMPILE_PREFIX_HEADER = YES;
				GCC_PREFIX_HEADER = "PropertiesAndIVARS/PropertiesAndIVARS-Prefix.pch";
				GCC_PREPROCESSOR_DEFINITIONS = (
					"DEBUG=1",
					"$(inherited)",
				);
				INFOPLIST_FILE = "PropertiesAndIVARSTests/PropertiesAndIVARSTests-Info.plist";
				PRODUCT_NAME = "$(TARGET_NAME)";
				TEST_HOST = "$(BUNDLE_LOADER)";
				WRAPPER_EXTENSION = xctest;
			};
			name = Debug;
		};
		D6FFAB36188EA9D100354786 /* Release */ = {
			isa = XCBuildConfiguration;
			buildSettings = {
				ARCHS = "$(ARCHS_STANDARD_INCLUDING_64_BIT)";
				BUNDLE_LOADER = "$(BUILT_PRODUCTS_DIR)/PropertiesAndIVARS.app/PropertiesAndIVARS";
				FRAMEWORK_SEARCH_PATHS = (
					"$(SDKROOT)/Developer/Library/Frameworks",
					"$(inherited)",
					"$(DEVELOPER_FRAMEWORKS_DIR)",
				);
				GCC_PRECOMPILE_PREFIX_HEADER = YES;
				GCC_PREFIX_HEADER = "PropertiesAndIVARS/PropertiesAndIVARS-Prefix.pch";
				INFOPLIST_FILE = "PropertiesAndIVARSTests/PropertiesAndIVARSTests-Info.plist";
				PRODUCT_NAME = "$(TARGET_NAME)";
				TEST_HOST = "$(BUNDLE_LOADER)";
				WRAPPER_EXTENSION = xctest;
			};
			name = Release;
		};
/* End XCBuildConfiguration section */

/* Begin XCConfigurationList section */
		D6FFAAFA188EA9D100354786 /* Build configuration list for PBXProject "PropertiesAndIVARS" */ = {
			isa = XCConfigurationList;
			buildConfigurations = (
				D6FFAB2F188EA9D100354786 /* Debug */,
				D6FFAB30188EA9D100354786 /* Release */,
			);
			defaultConfigurationIsVisible = 0;
			defaultConfigurationName = Release;
		};
		D6FFAB31188EA9D100354786 /* Build configuration list for PBXNativeTarget "PropertiesAndIVARS" */ = {
			isa = XCConfigurationList;
			buildConfigurations = (
				D6FFAB32188EA9D100354786 /* Debug */,
				D6FFAB33188EA9D100354786 /* Release */,
			);
			defaultConfigurationIsVisible = 0;
			defaultConfigurationName = Release;
		};
		D6FFAB34188EA9D100354786 /* Build configuration list for PBXNativeTarget "PropertiesAndIVARSTests" */ = {
			isa = XCConfigurationList;
			buildConfigurations = (
				D6FFAB35188EA9D100354786 /* Debug */,
				D6FFAB36188EA9D100354786 /* Release */,
			);
			defaultConfigurationIsVisible = 0;
			defaultConfigurationName = Release;
		};
/* End XCConfigurationList section */
	};
	rootObject = D6FFAAF7188EA9D100354786 /* Project object */;
}
